// !$*UTF8*$!
{
	archiveVersion = 1;
	classes = {
	};
	objectVersion = 50;
	objects = {

/* Begin PBXBuildFile section */
		F95246AB208E495500C6E116 /* AppDelegate.swift in Sources */ = {isa = PBXBuildFile; fileRef = F95246AA208E495500C6E116 /* AppDelegate.swift */; };
		F95246AD208E495500C6E116 /* ViewController.swift in Sources */ = {isa = PBXBuildFile; fileRef = F95246AC208E495500C6E116 /* ViewController.swift */; };
		F95246B0208E495500C6E116 /* Main.storyboard in Resources */ = {isa = PBXBuildFile; fileRef = F95246AE208E495500C6E116 /* Main.storyboard */; };
		F95246B2208E495600C6E116 /* Assets.xcassets in Resources */ = {isa = PBXBuildFile; fileRef = F95246B1208E495600C6E116 /* Assets.xcassets */; };
		F95246B5208E495600C6E116 /* LaunchScreen.storyboard in Resources */ = {isa = PBXBuildFile; fileRef = F95246B3208E495600C6E116 /* LaunchScreen.storyboard */; };
		F95246BD208E498700C6E116 /* HeaderView.xib in Resources */ = {isa = PBXBuildFile; fileRef = F95246BC208E498700C6E116 /* HeaderView.xib */; };
		F95246BF208E4A1400C6E116 /* HeaderView.swift in Sources */ = {isa = PBXBuildFile; fileRef = F95246BE208E4A1400C6E116 /* HeaderView.swift */; };
		F95246C1208EB7AC00C6E116 /* MainView.swift in Sources */ = {isa = PBXBuildFile; fileRef = F95246C0208EB7AC00C6E116 /* MainView.swift */; };
		F95246C3208EB8AE00C6E116 /* MainView.xib in Resources */ = {isa = PBXBuildFile; fileRef = F95246C2208EB8AE00C6E116 /* MainView.xib */; };
/* End PBXBuildFile section */

/* Begin PBXFileReference section */
		F95246A7208E495500C6E116 /* clat.app */ = {isa = PBXFileReference; explicitFileType = wrapper.application; includeInIndex = 0; path = clat.app; sourceTree = BUILT_PRODUCTS_DIR; };
		F95246AA208E495500C6E116 /* AppDelegate.swift */ = {isa = PBXFileReference; lastKnownFileType = sourcecode.swift; path = AppDelegate.swift; sourceTree = "<group>"; };
		F95246AC208E495500C6E116 /* ViewController.swift */ = {isa = PBXFileReference; lastKnownFileType = sourcecode.swift; path = ViewController.swift; sourceTree = "<group>"; };
		F95246AF208E495500C6E116 /* Base */ = {isa = PBXFileReference; lastKnownFileType = file.storyboard; name = Base; path = Base.lproj/Main.storyboard; sourceTree = "<group>"; };
		F95246B1208E495600C6E116 /* Assets.xcassets */ = {isa = PBXFileReference; lastKnownFileType = folder.assetcatalog; path = Assets.xcassets; sourceTree = "<group>"; };
		F95246B4208E495600C6E116 /* Base */ = {isa = PBXFileReference; lastKnownFileType = file.storyboard; name = Base; path = Base.lproj/LaunchScreen.storyboard; sourceTree = "<group>"; };
		F95246B6208E495600C6E116 /* Info.plist */ = {isa = PBXFileReference; lastKnownFileType = text.plist.xml; path = Info.plist; sourceTree = "<group>"; };
		F95246BC208E498700C6E116 /* HeaderView.xib */ = {isa = PBXFileReference; lastKnownFileType = file.xib; path = HeaderView.xib; sourceTree = "<group>"; };
		F95246BE208E4A1400C6E116 /* HeaderView.swift */ = {isa = PBXFileReference; lastKnownFileType = sourcecode.swift; path = HeaderView.swift; sourceTree = "<group>"; };
		F95246C0208EB7AC00C6E116 /* MainView.swift */ = {isa = PBXFileReference; lastKnownFileType = sourcecode.swift; path = MainView.swift; sourceTree = "<group>"; };
		F95246C2208EB8AE00C6E116 /* MainView.xib */ = {isa = PBXFileReference; lastKnownFileType = file.xib; path = MainView.xib; sourceTree = "<group>"; };
/* End PBXFileReference section */

/* Begin PBXFrameworksBuildPhase section */
		F95246A4208E495500C6E116 /* Frameworks */ = {
			isa = PBXFrameworksBuildPhase;
			buildActionMask = 2147483647;
			files = (
			);
			runOnlyForDeploymentPostprocessing = 0;
		};
/* End PBXFrameworksBuildPhase section */

/* Begin PBXGroup section */
		F952469E208E495500C6E116 = {
			isa = PBXGroup;
			children = (
				F95246A9208E495500C6E116 /* clat */,
				F95246A8208E495500C6E116 /* Products */,
			);
			sourceTree = "<group>";
		};
		F95246A8208E495500C6E116 /* Products */ = {
			isa = PBXGroup;
			children = (
				F95246A7208E495500C6E116 /* clat.app */,
			);
			name = Products;
			sourceTree = "<group>";
		};
		F95246A9208E495500C6E116 /* clat */ = {
			isa = PBXGroup;
			children = (
				F95246AA208E495500C6E116 /* AppDelegate.swift */,
				F95246BE208E4A1400C6E116 /* HeaderView.swift */,
				F95246BC208E498700C6E116 /* HeaderView.xib */,
				F95246AC208E495500C6E116 /* ViewController.swift */,
				F95246AE208E495500C6E116 /* Main.storyboard */,
				F95246C0208EB7AC00C6E116 /* MainView.swift */,
				F95246C2208EB8AE00C6E116 /* MainView.xib */,
				F95246B1208E495600C6E116 /* Assets.xcassets */,
				F95246B3208E495600C6E116 /* LaunchScreen.storyboard */,
				F95246B6208E495600C6E116 /* Info.plist */,
			);
			path = clat;
			sourceTree = "<group>";
		};
/* End PBXGroup section */

/* Begin PBXNativeTarget section */
		F95246A6208E495500C6E116 /* clat */ = {
			isa = PBXNativeTarget;
			buildConfigurationList = F95246B9208E495600C6E116 /* Build configuration list for PBXNativeTarget "clat" */;
			buildPhases = (
				F95246A3208E495500C6E116 /* Sources */,
				F95246A4208E495500C6E116 /* Frameworks */,
				F95246A5208E495500C6E116 /* Resources */,
			);
			buildRules = (
			);
			dependencies = (
			);
			name = clat;
			productName = clat;
			productReference = F95246A7208E495500C6E116 /* clat.app */;
			productType = "com.apple.product-type.application";
		};
/* End PBXNativeTarget section */

/* Begin PBXProject section */
		F952469F208E495500C6E116 /* Project object */ = {
			isa = PBXProject;
			attributes = {
				LastSwiftUpdateCheck = 0930;
				LastUpgradeCheck = 0930;
				ORGANIZATIONNAME = "Kai Yan";
				TargetAttributes = {
					F95246A6208E495500C6E116 = {
						CreatedOnToolsVersion = 9.3;
					};
				};
			};
			buildConfigurationList = F95246A2208E495500C6E116 /* Build configuration list for PBXProject "clat" */;
			compatibilityVersion = "Xcode 9.3";
			developmentRegion = en;
			hasScannedForEncodings = 0;
			knownRegions = (
				en,
				Base,
			);
			mainGroup = F952469E208E495500C6E116;
			productRefGroup = F95246A8208E495500C6E116 /* Products */;
			projectDirPath = "";
			projectRoot = "";
			targets = (
				F95246A6208E495500C6E116 /* clat */,
			);
		};
/* End PBXProject section */

/* Begin PBXResourcesBuildPhase section */
		F95246A5208E495500C6E116 /* Resources */ = {
			isa = PBXResourcesBuildPhase;
			buildActionMask = 2147483647;
			files = (
				F95246B5208E495600C6E116 /* LaunchScreen.storyboard in Resources */,
				F95246B2208E495600C6E116 /* Assets.xcassets in Resources */,
				F95246B0208E495500C6E116 /* Main.storyboard in Resources */,
				F95246BD208E498700C6E116 /* HeaderView.xib in Resources */,
				F95246C3208EB8AE00C6E116 /* MainView.xib in Resources */,
			);
			runOnlyForDeploymentPostprocessing = 0;
		};
/* End PBXResourcesBuildPhase section */

/* Begin PBXSourcesBuildPhase section */
		F95246A3208E495500C6E116 /* Sources */ = {
			isa = PBXSourcesBuildPhase;
			buildActionMask = 2147483647;
			files = (
				F95246AD208E495500C6E116 /* ViewController.swift in Sources */,
				F95246C1208EB7AC00C6E116 /* MainView.swift in Sources */,
				F95246BF208E4A1400C6E116 /* HeaderView.swift in Sources */,
				F95246AB208E495500C6E116 /* AppDelegate.swift in Sources */,
			);
			runOnlyForDeploymentPostprocessing = 0;
		};
/* End PBXSourcesBuildPhase section */

/* Begin PBXVariantGroup section */
		F95246AE208E495500C6E116 /* Main.storyboard */ = {
			isa = PBXVariantGroup;
			children = (
				F95246AF208E495500C6E116 /* Base */,
			);
			name = Main.storyboard;
			sourceTree = "<group>";
		};
		F95246B3208E495600C6E116 /* LaunchScreen.storyboard */ = {
			isa = PBXVariantGroup;
			children = (
				F95246B4208E495600C6E116 /* Base */,
			);
			name = LaunchScreen.storyboard;
			sourceTree = "<group>";
		};
/* End PBXVariantGroup section */

/* Begin XCBuildConfiguration section */
		F95246B7208E495600C6E116 /* Debug */ = {
			isa = XCBuildConfiguration;
			buildSettings = {
				ALWAYS_SEARCH_USER_PATHS = NO;
				CLANG_ANALYZER_NONNULL = YES;
				CLANG_ANALYZER_NUMBER_OBJECT_CONVERSION = YES_AGGRESSIVE;
				CLANG_CXX_LANGUAGE_STANDARD = "gnu++14";
				CLANG_CXX_LIBRARY = "libc++";
				CLANG_ENABLE_MODULES = YES;
				CLANG_ENABLE_OBJC_ARC = YES;
				CLANG_ENABLE_OBJC_WEAK = YES;
				CLANG_WARN_BLOCK_CAPTURE_AUTORELEASING = YES;
				CLANG_WARN_BOOL_CONVERSION = YES;
				CLANG_WARN_COMMA = YES;
				CLANG_WARN_CONSTANT_CONVERSION = YES;
				CLANG_WARN_DEPRECATED_OBJC_IMPLEMENTATIONS = YES;
				CLANG_WARN_DIRECT_OBJC_ISA_USAGE = YES_ERROR;
				CLANG_WARN_DOCUMENTATION_COMMENTS = YES;
				CLANG_WARN_EMPTY_BODY = YES;
				CLANG_WARN_ENUM_CONVERSION = YES;
				CLANG_WARN_INFINITE_RECURSION = YES;
				CLANG_WARN_INT_CONVERSION = YES;
				CLANG_WARN_NON_LITERAL_NULL_CONVERSION = YES;
				CLANG_WARN_OBJC_IMPLICIT_RETAIN_SELF = YES;
				CLANG_WARN_OBJC_LITERAL_CONVERSION = YES;
				CLANG_WARN_OBJC_ROOT_CLASS = YES_ERROR;
				CLANG_WARN_RANGE_LOOP_ANALYSIS = YES;
				CLANG_WARN_STRICT_PROTOTYPES = YES;
				CLANG_WARN_SUSPICIOUS_MOVE = YES;
				CLANG_WARN_UNGUARDED_AVAILABILITY = YES_AGGRESSIVE;
				CLANG_WARN_UNREACHABLE_CODE = YES;
				CLANG_WARN__DUPLICATE_METHOD_MATCH = YES;
				CODE_SIGN_IDENTITY = "iPhone Developer";
				COPY_PHASE_STRIP = NO;
				DEBUG_INFORMATION_FORMAT = dwarf;
				ENABLE_STRICT_OBJC_MSGSEND = YES;
				ENABLE_TESTABILITY = YES;
				GCC_C_LANGUAGE_STANDARD = gnu11;
				GCC_DYNAMIC_NO_PIC = NO;
				GCC_NO_COMMON_BLOCKS = YES;
				GCC_OPTIMIZATION_LEVEL = 0;
				GCC_PREPROCESSOR_DEFINITIONS = (
					"DEBUG=1",
					"$(inherited)",
				);
				GCC_WARN_64_TO_32_BIT_CONVERSION = YES;
				GCC_WARN_ABOUT_RETURN_TYPE = YES_ERROR;
				GCC_WARN_UNDECLARED_SELECTOR = YES;
				GCC_WARN_UNINITIALIZED_AUTOS = YES_AGGRESSIVE;
				GCC_WARN_UNUSED_FUNCTION = YES;
				GCC_WARN_UNUSED_VARIABLE = YES;
				IPHONEOS_DEPLOYMENT_TARGET = 11.3;
				MTL_ENABLE_DEBUG_INFO = YES;
				ONLY_ACTIVE_ARCH = YES;
				SDKROOT = iphoneos;
				SWIFT_ACTIVE_COMPILATION_CONDITIONS = DEBUG;
				SWIFT_OPTIMIZATION_LEVEL = "-Onone";
			};
			name = Debug;
		};
		F95246B8208E495600C6E116 /* Release */ = {
			isa = XCBuildConfiguration;
			buildSettings = {
				ALWAYS_SEARCH_USER_PATHS = NO;
				CLANG_ANALYZER_NONNULL = YES;
				CLANG_ANALYZER_NUMBER_OBJECT_CONVERSION = YES_AGGRESSIVE;
				CLANG_CXX_LANGUAGE_STANDARD = "gnu++14";
				CLANG_CXX_LIBRARY = "libc++";
				CLANG_ENABLE_MODULES = YES;
				CLANG_ENABLE_OBJC_ARC = YES;
				CLANG_ENABLE_OBJC_WEAK = YES;
				CLANG_WARN_BLOCK_CAPTURE_AUTORELEASING = YES;
				CLANG_WARN_BOOL_CONVERSION = YES;
				CLANG_WARN_COMMA = YES;
				CLANG_WARN_CONSTANT_CONVERSION = YES;
				CLANG_WARN_DEPRECATED_OBJC_IMPLEMENTATIONS = YES;
				CLANG_WARN_DIRECT_OBJC_ISA_USAGE = YES_ERROR;
				CLANG_WARN_DOCUMENTATION_COMMENTS = YES;
				CLANG_WARN_EMPTY_BODY = YES;
				CLANG_WARN_ENUM_CONVERSION = YES;
				CLANG_WARN_INFINITE_RECURSION = YES;
				CLANG_WARN_INT_CONVERSION = YES;
				CLANG_WARN_NON_LITERAL_NULL_CONVERSION = YES;
				CLANG_WARN_OBJC_IMPLICIT_RETAIN_SELF = YES;
				CLANG_WARN_OBJC_LITERAL_CONVERSION = YES;
				CLANG_WARN_OBJC_ROOT_CLASS = YES_ERROR;
				CLANG_WARN_RANGE_LOOP_ANALYSIS = YES;
				CLANG_WARN_STRICT_PROTOTYPES = YES;
				CLANG_WARN_SUSPICIOUS_MOVE = YES;
				CLANG_WARN_UNGUARDED_AVAILABILITY = YES_AGGRESSIVE;
				CLANG_WARN_UNREACHABLE_CODE = YES;
				CLANG_WARN__DUPLICATE_METHOD_MATCH = YES;
				CODE_SIGN_IDENTITY = "iPhone Developer";
				COPY_PHASE_STRIP = NO;
				DEBUG_INFORMATION_FORMAT = "dwarf-with-dsym";
				ENABLE_NS_ASSERTIONS = NO;
				ENABLE_STRICT_OBJC_MSGSEND = YES;
				GCC_C_LANGUAGE_STANDARD = gnu11;
				GCC_NO_COMMON_BLOCKS = YES;
				GCC_WARN_64_TO_32_BIT_CONVERSION = YES;
				GCC_WARN_ABOUT_RETURN_TYPE = YES_ERROR;
				GCC_WARN_UNDECLARED_SELECTOR = YES;
				GCC_WARN_UNINITIALIZED_AUTOS = YES_AGGRESSIVE;
				GCC_WARN_UNUSED_FUNCTION = YES;
				GCC_WARN_UNUSED_VARIABLE = YES;
				IPHONEOS_DEPLOYMENT_TARGET = 11.3;
				MTL_ENABLE_DEBUG_INFO = NO;
				SDKROOT = iphoneos;
				SWIFT_COMPILATION_MODE = wholemodule;
				SWIFT_OPTIMIZATION_LEVEL = "-O";
				VALIDATE_PRODUCT = YES;
			};
			name = Release;
		};
		F95246BA208E495600C6E116 /* Debug */ = {
			isa = XCBuildConfiguration;
			buildSettings = {
				ASSETCATALOG_COMPILER_APPICON_NAME = AppIcon;
				CODE_SIGN_STYLE = Automatic;
				DEVELOPMENT_TEAM = 9TE56RY3FV;
				INFOPLIST_FILE = clat/Info.plist;
				LD_RUNPATH_SEARCH_PATHS = (
					"$(inherited)",
					"@executable_path/Frameworks",
				);
				PRODUCT_BUNDLE_IDENTIFIER = ai.yank.clat;
				PRODUCT_NAME = "$(TARGET_NAME)";
				SWIFT_VERSION = 4.0;
				TARGETED_DEVICE_FAMILY = "1,2";
			};
			name = Debug;
		};
		F95246BB208E495600C6E116 /* Release */ = {
			isa = XCBuildConfiguration;
			buildSettings = {
				ASSETCATALOG_COMPILER_APPICON_NAME = AppIcon;
				CODE_SIGN_STYLE = Automatic;
				DEVELOPMENT_TEAM = 9TE56RY3FV;
				INFOPLIST_FILE = clat/Info.plist;
				LD_RUNPATH_SEARCH_PATHS = (
					"$(inherited)",
					"@executable_path/Frameworks",
				);
				PRODUCT_BUNDLE_IDENTIFIER = ai.yank.clat;
				PRODUCT_NAME = "$(TARGET_NAME)";
				SWIFT_VERSION = 4.0;
				TARGETED_DEVICE_FAMILY = "1,2";
			};
			name = Release;
		};
/* End XCBuildConfiguration section */

/* Begin XCConfigurationList section */
		F95246A2208E495500C6E116 /* Build configuration list for PBXProject "clat" */ = {
			isa = XCConfigurationList;
			buildConfigurations = (
				F95246B7208E495600C6E116 /* Debug */,
				F95246B8208E495600C6E116 /* Release */,
			);
			defaultConfigurationIsVisible = 0;
			defaultConfigurationName = Release;
		};
		F95246B9208E495600C6E116 /* Build configuration list for PBXNativeTarget "clat" */ = {
			isa = XCConfigurationList;
			buildConfigurations = (
				F95246BA208E495600C6E116 /* Debug */,
				F95246BB208E495600C6E116 /* Release */,
			);
			defaultConfigurationIsVisible = 0;
			defaultConfigurationName = Release;
		};
/* End XCConfigurationList section */
	};
	rootObject = F952469F208E495500C6E116 /* Project object */;
}
